
Microsoft Visual Studio Solution File, Format Version 12.00
# Visual Studio Version 17
VisualStudioVersion = 17.12.35527.113
MinimumVisualStudioVersion = 10.0.40219.1
Project("{FAE04EC0-301F-11D3-BF4B-00C04F79EFBC}") = "LinqWithObjects", "LinqWithObjects\LinqWithObjects.csproj", "{55D98163-2603-4BDF-BCCB-890D64F975A0}"
EndProject
Project("{FAE04EC0-301F-11D3-BF4B-00C04F79EFBC}") = "LinqWithEFCore", "LinqWithEFCore\LinqWithEFCore.csproj", "{CC5C4424-9DF0-4576-9693-6D2B6E7C6D22}"
EndProject
Global
	GlobalSection(SolutionConfigurationPlatforms) = preSolution
		Debug|Any CPU = Debug|Any CPU
		Release|Any CPU = Release|Any CPU
	EndGlobalSection
	GlobalSection(ProjectConfigurationPlatforms) = postSolution
		{55D98163-2603-4BDF-BCCB-890D64F975A0}.Debug|Any CPU.ActiveCfg = Debug|Any CPU
		{55D98163-2603-4BDF-BCCB-890D64F975A0}.Debug|Any CPU.Build.0 = Debug|Any CPU
		{55D98163-2603-4BDF-BCCB-890D64F975A0}.Release|Any CPU.ActiveCfg = Release|Any CPU
		{55D98163-2603-4BDF-BCCB-890D64F975A0}.Release|Any CPU.Build.0 = Release|Any CPU
		{CC5C4424-9DF0-4576-9693-6D2B6E7C6D22}.Debug|Any CPU.ActiveCfg = Debug|Any CPU
		{CC5C4424-9DF0-4576-9693-6D2B6E7C6D22}.Debug|Any CPU.Build.0 = Debug|Any CPU
		{CC5C4424-9DF0-4576-9693-6D2B6E7C6D22}.Release|Any CPU.ActiveCfg = Release|Any CPU
		{CC5C4424-9DF0-4576-9693-6D2B6E7C6D22}.Release|Any CPU.Build.0 = Release|Any CPU
	EndGlobalSection
	GlobalSection(SolutionProperties) = preSolution
		HideSolutionNode = FALSE
	EndGlobalSection
	GlobalSection(ExtensibilityGlobals) = postSolution
		SolutionGuid = {CA9A0FB5-E8FC-4197-9430-5F253B24DF23}
	EndGlobalSection
EndGlobal
